// !$*UTF8*$!
{
	archiveVersion = 1;
	classes = {
	};
	objectVersion = 56;
	objects = {

/* Begin PBXBuildFile section */
		ECD243F12BFBAF6F008695C9 /* AppDelegate.swift in Sources */ = {isa = PBXBuildFile; fileRef = ECD243F02BFBAF6F008695C9 /* AppDelegate.swift */; };
		ECD243F32BFBAF6F008695C9 /* SceneDelegate.swift in Sources */ = {isa = PBXBuildFile; fileRef = ECD243F22BFBAF6F008695C9 /* SceneDelegate.swift */; };
		ECD243F52BFBAF6F008695C9 /* ViewController.swift in Sources */ = {isa = PBXBuildFile; fileRef = ECD243F42BFBAF6F008695C9 /* ViewController.swift */; };
		ECD243F82BFBAF6F008695C9 /* Base in Resources */ = {isa = PBXBuildFile; fileRef = ECD243F72BFBAF6F008695C9 /* Base */; };
		ECD243FA2BFBAF70008695C9 /* Assets.xcassets in Resources */ = {isa = PBXBuildFile; fileRef = ECD243F92BFBAF70008695C9 /* Assets.xcassets */; };
		ECD243FD2BFBAF70008695C9 /* Base in Resources */ = {isa = PBXBuildFile; fileRef = ECD243FC2BFBAF70008695C9 /* Base */; };
		ECD244082BFBAF70008695C9 /* MOD1Tests.swift in Sources */ = {isa = PBXBuildFile; fileRef = ECD244072BFBAF70008695C9 /* MOD1Tests.swift */; };
		ECD244122BFBAF70008695C9 /* MOD1UITests.swift in Sources */ = {isa = PBXBuildFile; fileRef = ECD244112BFBAF70008695C9 /* MOD1UITests.swift */; };
		ECD244142BFBAF70008695C9 /* MOD1UITestsLaunchTests.swift in Sources */ = {isa = PBXBuildFile; fileRef = ECD244132BFBAF70008695C9 /* MOD1UITestsLaunchTests.swift */; };
/* End PBXBuildFile section */

/* Begin PBXContainerItemProxy section */
		ECD244042BFBAF70008695C9 /* PBXContainerItemProxy */ = {
			isa = PBXContainerItemProxy;
			containerPortal = ECD243E52BFBAF6F008695C9 /* Project object */;
			proxyType = 1;
			remoteGlobalIDString = ECD243EC2BFBAF6F008695C9;
			remoteInfo = MOD1;
		};
		ECD2440E2BFBAF70008695C9 /* PBXContainerItemProxy */ = {
			isa = PBXContainerItemProxy;
			containerPortal = ECD243E52BFBAF6F008695C9 /* Project object */;
			proxyType = 1;
			remoteGlobalIDString = ECD243EC2BFBAF6F008695C9;
			remoteInfo = MOD1;
		};
/* End PBXContainerItemProxy section */

/* Begin PBXFileReference section */
		ECD243ED2BFBAF6F008695C9 /* MOD1.app */ = {isa = PBXFileReference; explicitFileType = wrapper.application; includeInIndex = 0; path = MOD1.app; sourceTree = BUILT_PRODUCTS_DIR; };
		ECD243F02BFBAF6F008695C9 /* AppDelegate.swift */ = {isa = PBXFileReference; lastKnownFileType = sourcecode.swift; path = AppDelegate.swift; sourceTree = "<group>"; };
		ECD243F22BFBAF6F008695C9 /* SceneDelegate.swift */ = {isa = PBXFileReference; lastKnownFileType = sourcecode.swift; path = SceneDelegate.swift; sourceTree = "<group>"; };
		ECD243F42BFBAF6F008695C9 /* ViewController.swift */ = {isa = PBXFileReference; lastKnownFileType = sourcecode.swift; path = ViewController.swift; sourceTree = "<group>"; };
		ECD243F72BFBAF6F008695C9 /* Base */ = {isa = PBXFileReference; lastKnownFileType = file.storyboard; name = Base; path = Base.lproj/Main.storyboard; sourceTree = "<group>"; };
		ECD243F92BFBAF70008695C9 /* Assets.xcassets */ = {isa = PBXFileReference; lastKnownFileType = folder.assetcatalog; path = Assets.xcassets; sourceTree = "<group>"; };
		ECD243FC2BFBAF70008695C9 /* Base */ = {isa = PBXFileReference; lastKnownFileType = file.storyboard; name = Base; path = Base.lproj/LaunchScreen.storyboard; sourceTree = "<group>"; };
		ECD243FE2BFBAF70008695C9 /* Info.plist */ = {isa = PBXFileReference; lastKnownFileType = text.plist.xml; path = Info.plist; sourceTree = "<group>"; };
		ECD244032BFBAF70008695C9 /* MOD1Tests.xctest */ = {isa = PBXFileReference; explicitFileType = wrapper.cfbundle; includeInIndex = 0; path = MOD1Tests.xctest; sourceTree = BUILT_PRODUCTS_DIR; };
		ECD244072BFBAF70008695C9 /* MOD1Tests.swift */ = {isa = PBXFileReference; lastKnownFileType = sourcecode.swift; path = MOD1Tests.swift; sourceTree = "<group>"; };
		ECD2440D2BFBAF70008695C9 /* MOD1UITests.xctest */ = {isa = PBXFileReference; explicitFileType = wrapper.cfbundle; includeInIndex = 0; path = MOD1UITests.xctest; sourceTree = BUILT_PRODUCTS_DIR; };
		ECD244112BFBAF70008695C9 /* MOD1UITests.swift */ = {isa = PBXFileReference; lastKnownFileType = sourcecode.swift; path = MOD1UITests.swift; sourceTree = "<group>"; };
		ECD244132BFBAF70008695C9 /* MOD1UITestsLaunchTests.swift */ = {isa = PBXFileReference; lastKnownFileType = sourcecode.swift; path = MOD1UITestsLaunchTests.swift; sourceTree = "<group>"; };
/* End PBXFileReference section */

/* Begin PBXFrameworksBuildPhase section */
		ECD243EA2BFBAF6F008695C9 /* Frameworks */ = {
			isa = PBXFrameworksBuildPhase;
			buildActionMask = 2147483647;
			files = (
			);
			runOnlyForDeploymentPostprocessing = 0;
		};
		ECD244002BFBAF70008695C9 /* Frameworks */ = {
			isa = PBXFrameworksBuildPhase;
			buildActionMask = 2147483647;
			files = (
			);
			runOnlyForDeploymentPostprocessing = 0;
		};
		ECD2440A2BFBAF70008695C9 /* Frameworks */ = {
			isa = PBXFrameworksBuildPhase;
			buildActionMask = 2147483647;
			files = (
			);
			runOnlyForDeploymentPostprocessing = 0;
		};
/* End PBXFrameworksBuildPhase section */

/* Begin PBXGroup section */
		ECD243E42BFBAF6F008695C9 = {
			isa = PBXGroup;
			children = (
				ECD243EF2BFBAF6F008695C9 /* MOD1 */,
				ECD244062BFBAF70008695C9 /* MOD1Tests */,
				ECD244102BFBAF70008695C9 /* MOD1UITests */,
				ECD243EE2BFBAF6F008695C9 /* Products */,
			);
			sourceTree = "<group>";
		};
		ECD243EE2BFBAF6F008695C9 /* Products */ = {
			isa = PBXGroup;
			children = (
				ECD243ED2BFBAF6F008695C9 /* MOD1.app */,
				ECD244032BFBAF70008695C9 /* MOD1Tests.xctest */,
				ECD2440D2BFBAF70008695C9 /* MOD1UITests.xctest */,
			);
			name = Products;
			sourceTree = "<group>";
		};
		ECD243EF2BFBAF6F008695C9 /* MOD1 */ = {
			isa = PBXGroup;
			children = (
				ECD243F02BFBAF6F008695C9 /* AppDelegate.swift */,
				ECD243F22BFBAF6F008695C9 /* SceneDelegate.swift */,
				ECD243F42BFBAF6F008695C9 /* ViewController.swift */,
				ECD243F62BFBAF6F008695C9 /* Main.storyboard */,
				ECD243F92BFBAF70008695C9 /* Assets.xcassets */,
				ECD243FB2BFBAF70008695C9 /* LaunchScreen.storyboard */,
				ECD243FE2BFBAF70008695C9 /* Info.plist */,
			);
			path = MOD1;
			sourceTree = "<group>";
		};
		ECD244062BFBAF70008695C9 /* MOD1Tests */ = {
			isa = PBXGroup;
			children = (
				ECD244072BFBAF70008695C9 /* MOD1Tests.swift */,
			);
			path = MOD1Tests;
			sourceTree = "<group>";
		};
		ECD244102BFBAF70008695C9 /* MOD1UITests */ = {
			isa = PBXGroup;
			children = (
				ECD244112BFBAF70008695C9 /* MOD1UITests.swift */,
				ECD244132BFBAF70008695C9 /* MOD1UITestsLaunchTests.swift */,
			);
			path = MOD1UITests;
			sourceTree = "<group>";
		};
/* End PBXGroup section */

/* Begin PBXNativeTarget section */
		ECD243EC2BFBAF6F008695C9 /* MOD1 */ = {
			isa = PBXNativeTarget;
			buildConfigurationList = ECD244172BFBAF70008695C9 /* Build configuration list for PBXNativeTarget "MOD1" */;
			buildPhases = (
				ECD243E92BFBAF6F008695C9 /* Sources */,
				ECD243EA2BFBAF6F008695C9 /* Frameworks */,
				ECD243EB2BFBAF6F008695C9 /* Resources */,
			);
			buildRules = (
			);
			dependencies = (
			);
			name = MOD1;
			productName = MOD1;
			productReference = ECD243ED2BFBAF6F008695C9 /* MOD1.app */;
			productType = "com.apple.product-type.application";
		};
		ECD244022BFBAF70008695C9 /* MOD1Tests */ = {
			isa = PBXNativeTarget;
			buildConfigurationList = ECD2441A2BFBAF70008695C9 /* Build configuration list for PBXNativeTarget "MOD1Tests" */;
			buildPhases = (
				ECD243FF2BFBAF70008695C9 /* Sources */,
				ECD244002BFBAF70008695C9 /* Frameworks */,
				ECD244012BFBAF70008695C9 /* Resources */,
			);
			buildRules = (
			);
			dependencies = (
				ECD244052BFBAF70008695C9 /* PBXTargetDependency */,
			);
			name = MOD1Tests;
			productName = MOD1Tests;
			productReference = ECD244032BFBAF70008695C9 /* MOD1Tests.xctest */;
			productType = "com.apple.product-type.bundle.unit-test";
		};
		ECD2440C2BFBAF70008695C9 /* MOD1UITests */ = {
			isa = PBXNativeTarget;
			buildConfigurationList = ECD2441D2BFBAF70008695C9 /* Build configuration list for PBXNativeTarget "MOD1UITests" */;
			buildPhases = (
				ECD244092BFBAF70008695C9 /* Sources */,
				ECD2440A2BFBAF70008695C9 /* Frameworks */,
				ECD2440B2BFBAF70008695C9 /* Resources */,
			);
			buildRules = (
			);
			dependencies = (
				ECD2440F2BFBAF70008695C9 /* PBXTargetDependency */,
			);
			name = MOD1UITests;
			productName = MOD1UITests;
			productReference = ECD2440D2BFBAF70008695C9 /* MOD1UITests.xctest */;
			productType = "com.apple.product-type.bundle.ui-testing";
		};
/* End PBXNativeTarget section */

/* Begin PBXProject section */
		ECD243E52BFBAF6F008695C9 /* Project object */ = {
			isa = PBXProject;
			attributes = {
				BuildIndependentTargetsInParallel = 1;
				LastSwiftUpdateCheck = 1540;
				LastUpgradeCheck = 1540;
				TargetAttributes = {
					ECD243EC2BFBAF6F008695C9 = {
						CreatedOnToolsVersion = 15.4;
					};
					ECD244022BFBAF70008695C9 = {
						CreatedOnToolsVersion = 15.4;
						TestTargetID = ECD243EC2BFBAF6F008695C9;
					};
					ECD2440C2BFBAF70008695C9 = {
						CreatedOnToolsVersion = 15.4;
						TestTargetID = ECD243EC2BFBAF6F008695C9;
					};
				};
			};
			buildConfigurationList = ECD243E82BFBAF6F008695C9 /* Build configuration list for PBXProject "MOD1" */;
			compatibilityVersion = "Xcode 14.0";
			developmentRegion = en;
			hasScannedForEncodings = 0;
			knownRegions = (
				en,
				Base,
			);
			mainGroup = ECD243E42BFBAF6F008695C9;
			productRefGroup = ECD243EE2BFBAF6F008695C9 /* Products */;
			projectDirPath = "";
			projectRoot = "";
			targets = (
				ECD243EC2BFBAF6F008695C9 /* MOD1 */,
				ECD244022BFBAF70008695C9 /* MOD1Tests */,
				ECD2440C2BFBAF70008695C9 /* MOD1UITests */,
			);
		};
/* End PBXProject section */

/* Begin PBXResourcesBuildPhase section */
		ECD243EB2BFBAF6F008695C9 /* Resources */ = {
			isa = PBXResourcesBuildPhase;
			buildActionMask = 2147483647;
			files = (
				ECD243FA2BFBAF70008695C9 /* Assets.xcassets in Resources */,
				ECD243FD2BFBAF70008695C9 /* Base in Resources */,
				ECD243F82BFBAF6F008695C9 /* Base in Resources */,
			);
			runOnlyForDeploymentPostprocessing = 0;
		};
		ECD244012BFBAF70008695C9 /* Resources */ = {
			isa = PBXResourcesBuildPhase;
			buildActionMask = 2147483647;
			files = (
			);
			runOnlyForDeploymentPostprocessing = 0;
		};
		ECD2440B2BFBAF70008695C9 /* Resources */ = {
			isa = PBXResourcesBuildPhase;
			buildActionMask = 2147483647;
			files = (
			);
			runOnlyForDeploymentPostprocessing = 0;
		};
/* End PBXResourcesBuildPhase section */

/* Begin PBXSourcesBuildPhase section */
		ECD243E92BFBAF6F008695C9 /* Sources */ = {
			isa = PBXSourcesBuildPhase;
			buildActionMask = 2147483647;
			files = (
				ECD243F52BFBAF6F008695C9 /* ViewController.swift in Sources */,
				ECD243F12BFBAF6F008695C9 /* AppDelegate.swift in Sources */,
				ECD243F32BFBAF6F008695C9 /* SceneDelegate.swift in Sources */,
			);
			runOnlyForDeploymentPostprocessing = 0;
		};
		ECD243FF2BFBAF70008695C9 /* Sources */ = {
			isa = PBXSourcesBuildPhase;
			buildActionMask = 2147483647;
			files = (
				ECD244082BFBAF70008695C9 /* MOD1Tests.swift in Sources */,
			);
			runOnlyForDeploymentPostprocessing = 0;
		};
		ECD244092BFBAF70008695C9 /* Sources */ = {
			isa = PBXSourcesBuildPhase;
			buildActionMask = 2147483647;
			files = (
				ECD244122BFBAF70008695C9 /* MOD1UITests.swift in Sources */,
				ECD244142BFBAF70008695C9 /* MOD1UITestsLaunchTests.swift in Sources */,
			);
			runOnlyForDeploymentPostprocessing = 0;
		};
/* End PBXSourcesBuildPhase section */

/* Begin PBXTargetDependency section */
		ECD244052BFBAF70008695C9 /* PBXTargetDependency */ = {
			isa = PBXTargetDependency;
			target = ECD243EC2BFBAF6F008695C9 /* MOD1 */;
			targetProxy = ECD244042BFBAF70008695C9 /* PBXContainerItemProxy */;
		};
		ECD2440F2BFBAF70008695C9 /* PBXTargetDependency */ = {
			isa = PBXTargetDependency;
			target = ECD243EC2BFBAF6F008695C9 /* MOD1 */;
			targetProxy = ECD2440E2BFBAF70008695C9 /* PBXContainerItemProxy */;
		};
/* End PBXTargetDependency section */

/* Begin PBXVariantGroup section */
		ECD243F62BFBAF6F008695C9 /* Main.storyboard */ = {
			isa = PBXVariantGroup;
			children = (
				ECD243F72BFBAF6F008695C9 /* Base */,
			);
			name = Main.storyboard;
			sourceTree = "<group>";
		};
		ECD243FB2BFBAF70008695C9 /* LaunchScreen.storyboard */ = {
			isa = PBXVariantGroup;
			children = (
				ECD243FC2BFBAF70008695C9 /* Base */,
			);
			name = LaunchScreen.storyboard;
			sourceTree = "<group>";
		};
/* End PBXVariantGroup section */

/* Begin XCBuildConfiguration section */
		ECD244152BFBAF70008695C9 /* Debug */ = {
			isa = XCBuildConfiguration;
			buildSettings = {
				ALWAYS_SEARCH_USER_PATHS = NO;
				ASSETCATALOG_COMPILER_GENERATE_SWIFT_ASSET_SYMBOL_EXTENSIONS = YES;
				CLANG_ANALYZER_NONNULL = YES;
				CLANG_ANALYZER_NUMBER_OBJECT_CONVERSION = YES_AGGRESSIVE;
				CLANG_CXX_LANGUAGE_STANDARD = "gnu++20";
				CLANG_ENABLE_MODULES = YES;
				CLANG_ENABLE_OBJC_ARC = YES;
				CLANG_ENABLE_OBJC_WEAK = YES;
				CLANG_WARN_BLOCK_CAPTURE_AUTORELEASING = YES;
				CLANG_WARN_BOOL_CONVERSION = YES;
				CLANG_WARN_COMMA = YES;
				CLANG_WARN_CONSTANT_CONVERSION = YES;
				CLANG_WARN_DEPRECATED_OBJC_IMPLEMENTATIONS = YES;
				CLANG_WARN_DIRECT_OBJC_ISA_USAGE = YES_ERROR;
				CLANG_WARN_DOCUMENTATION_COMMENTS = YES;
				CLANG_WARN_EMPTY_BODY = YES;
				CLANG_WARN_ENUM_CONVERSION = YES;
				CLANG_WARN_INFINITE_RECURSION = YES;
				CLANG_WARN_INT_CONVERSION = YES;
				CLANG_WARN_NON_LITERAL_NULL_CONVERSION = YES;
				CLANG_WARN_OBJC_IMPLICIT_RETAIN_SELF = YES;
				CLANG_WARN_OBJC_LITERAL_CONVERSION = YES;
				CLANG_WARN_OBJC_ROOT_CLASS = YES_ERROR;
				CLANG_WARN_QUOTED_INCLUDE_IN_FRAMEWORK_HEADER = YES;
				CLANG_WARN_RANGE_LOOP_ANALYSIS = YES;
				CLANG_WARN_STRICT_PROTOTYPES = YES;
				CLANG_WARN_SUSPICIOUS_MOVE = YES;
				CLANG_WARN_UNGUARDED_AVAILABILITY = YES_AGGRESSIVE;
				CLANG_WARN_UNREACHABLE_CODE = YES;
				CLANG_WARN__DUPLICATE_METHOD_MATCH = YES;
				COPY_PHASE_STRIP = NO;
				DEBUG_INFORMATION_FORMAT = dwarf;
				ENABLE_STRICT_OBJC_MSGSEND = YES;
				ENABLE_TESTABILITY = YES;
				ENABLE_USER_SCRIPT_SANDBOXING = YES;
				GCC_C_LANGUAGE_STANDARD = gnu17;
				GCC_DYNAMIC_NO_PIC = NO;
				GCC_NO_COMMON_BLOCKS = YES;
				GCC_OPTIMIZATION_LEVEL = 0;
				GCC_PREPROCESSOR_DEFINITIONS = (
					"DEBUG=1",
					"$(inherited)",
				);
				GCC_WARN_64_TO_32_BIT_CONVERSION = YES;
				GCC_WARN_ABOUT_RETURN_TYPE = YES_ERROR;
				GCC_WARN_UNDECLARED_SELECTOR = YES;
				GCC_WARN_UNINITIALIZED_AUTOS = YES_AGGRESSIVE;
				GCC_WARN_UNUSED_FUNCTION = YES;
				GCC_WARN_UNUSED_VARIABLE = YES;
				IPHONEOS_DEPLOYMENT_TARGET = 17.5;
				LOCALIZATION_PREFERS_STRING_CATALOGS = YES;
				MTL_ENABLE_DEBUG_INFO = INCLUDE_SOURCE;
				MTL_FAST_MATH = YES;
				ONLY_ACTIVE_ARCH = YES;
				SDKROOT = iphoneos;
				SWIFT_ACTIVE_COMPILATION_CONDITIONS = "DEBUG $(inherited)";
				SWIFT_OPTIMIZATION_LEVEL = "-Onone";
			};
			name = Debug;
		};
		ECD244162BFBAF70008695C9 /* Release */ = {
			isa = XCBuildConfiguration;
			buildSettings = {
				ALWAYS_SEARCH_USER_PATHS = NO;
				ASSETCATALOG_COMPILER_GENERATE_SWIFT_ASSET_SYMBOL_EXTENSIONS = YES;
				CLANG_ANALYZER_NONNULL = YES;
				CLANG_ANALYZER_NUMBER_OBJECT_CONVERSION = YES_AGGRESSIVE;
				CLANG_CXX_LANGUAGE_STANDARD = "gnu++20";
				CLANG_ENABLE_MODULES = YES;
				CLANG_ENABLE_OBJC_ARC = YES;
				CLANG_ENABLE_OBJC_WEAK = YES;
				CLANG_WARN_BLOCK_CAPTURE_AUTORELEASING = YES;
				CLANG_WARN_BOOL_CONVERSION = YES;
				CLANG_WARN_COMMA = YES;
				CLANG_WARN_CONSTANT_CONVERSION = YES;
				CLANG_WARN_DEPRECATED_OBJC_IMPLEMENTATIONS = YES;
				CLANG_WARN_DIRECT_OBJC_ISA_USAGE = YES_ERROR;
				CLANG_WARN_DOCUMENTATION_COMMENTS = YES;
				CLANG_WARN_EMPTY_BODY = YES;
				CLANG_WARN_ENUM_CONVERSION = YES;
				CLANG_WARN_INFINITE_RECURSION = YES;
				CLANG_WARN_INT_CONVERSION = YES;
				CLANG_WARN_NON_LITERAL_NULL_CONVERSION = YES;
				CLANG_WARN_OBJC_IMPLICIT_RETAIN_SELF = YES;
				CLANG_WARN_OBJC_LITERAL_CONVERSION = YES;
				CLANG_WARN_OBJC_ROOT_CLASS = YES_ERROR;
				CLANG_WARN_QUOTED_INCLUDE_IN_FRAMEWORK_HEADER = YES;
				CLANG_WARN_RANGE_LOOP_ANALYSIS = YES;
				CLANG_WARN_STRICT_PROTOTYPES = YES;
				CLANG_WARN_SUSPICIOUS_MOVE = YES;
				CLANG_WARN_UNGUARDED_AVAILABILITY = YES_AGGRESSIVE;
				CLANG_WARN_UNREACHABLE_CODE = YES;
				CLANG_WARN__DUPLICATE_METHOD_MATCH = YES;
				COPY_PHASE_STRIP = NO;
				DEBUG_INFORMATION_FORMAT = "dwarf-with-dsym";
				ENABLE_NS_ASSERTIONS = NO;
				ENABLE_STRICT_OBJC_MSGSEND = YES;
				ENABLE_USER_SCRIPT_SANDBOXING = YES;
				GCC_C_LANGUAGE_STANDARD = gnu17;
				GCC_NO_COMMON_BLOCKS = YES;
				GCC_WARN_64_TO_32_BIT_CONVERSION = YES;
				GCC_WARN_ABOUT_RETURN_TYPE = YES_ERROR;
				GCC_WARN_UNDECLARED_SELECTOR = YES;
				GCC_WARN_UNINITIALIZED_AUTOS = YES_AGGRESSIVE;
				GCC_WARN_UNUSED_FUNCTION = YES;
				GCC_WARN_UNUSED_VARIABLE = YES;
				IPHONEOS_DEPLOYMENT_TARGET = 17.5;
				LOCALIZATION_PREFERS_STRING_CATALOGS = YES;
				MTL_ENABLE_DEBUG_INFO = NO;
				MTL_FAST_MATH = YES;
				SDKROOT = iphoneos;
				SWIFT_COMPILATION_MODE = wholemodule;
				VALIDATE_PRODUCT = YES;
			};
			name = Release;
		};
		ECD244182BFBAF70008695C9 /* Debug */ = {
			isa = XCBuildConfiguration;
			buildSettings = {
				ASSETCATALOG_COMPILER_APPICON_NAME = AppIcon;
				ASSETCATALOG_COMPILER_GLOBAL_ACCENT_COLOR_NAME = AccentColor;
				CODE_SIGN_STYLE = Automatic;
				CURRENT_PROJECT_VERSION = 1;
				GENERATE_INFOPLIST_FILE = YES;
				INFOPLIST_FILE = MOD1/Info.plist;
				INFOPLIST_KEY_UIApplicationSupportsIndirectInputEvents = YES;
				INFOPLIST_KEY_UILaunchStoryboardName = LaunchScreen;
				INFOPLIST_KEY_UIMainStoryboardFile = Main;
				INFOPLIST_KEY_UISupportedInterfaceOrientations_iPad = "UIInterfaceOrientationPortrait UIInterfaceOrientationPortraitUpsideDown UIInterfaceOrientationLandscapeLeft UIInterfaceOrientationLandscapeRight";
				INFOPLIST_KEY_UISupportedInterfaceOrientations_iPhone = "UIInterfaceOrientationPortrait UIInterfaceOrientationLandscapeLeft UIInterfaceOrientationLandscapeRight";
				LD_RUNPATH_SEARCH_PATHS = (
					"$(inherited)",
					"@executable_path/Frameworks",
				);
				MARKETING_VERSION = 1.0;
				PRODUCT_BUNDLE_IDENTIFIER = edu.auburn.onlinecsse.MOD1;
				PRODUCT_NAME = "$(TARGET_NAME)";
				SWIFT_EMIT_LOC_STRINGS = YES;
				SWIFT_VERSION = 5.0;
				TARGETED_DEVICE_FAMILY = "1,2";
			};
			name = Debug;
		};
		ECD244192BFBAF70008695C9 /* Release */ = {
			isa = XCBuildConfiguration;
			buildSettings = {
				ASSETCATALOG_COMPILER_APPICON_NAME = AppIcon;
				ASSETCATALOG_COMPILER_GLOBAL_ACCENT_COLOR_NAME = AccentColor;
				CODE_SIGN_STYLE = Automatic;
				CURRENT_PROJECT_VERSION = 1;
				GENERATE_INFOPLIST_FILE = YES;
				INFOPLIST_FILE = MOD1/Info.plist;
				INFOPLIST_KEY_UIApplicationSupportsIndirectInputEvents = YES;
				INFOPLIST_KEY_UILaunchStoryboardName = LaunchScreen;
				INFOPLIST_KEY_UIMainStoryboardFile = Main;
				INFOPLIST_KEY_UISupportedInterfaceOrientations_iPad = "UIInterfaceOrientationPortrait UIInterfaceOrientationPortraitUpsideDown UIInterfaceOrientationLandscapeLeft UIInterfaceOrientationLandscapeRight";
				INFOPLIST_KEY_UISupportedInterfaceOrientations_iPhone = "UIInterfaceOrientationPortrait UIInterfaceOrientationLandscapeLeft UIInterfaceOrientationLandscapeRight";
				LD_RUNPATH_SEARCH_PATHS = (
					"$(inherited)",
					"@executable_path/Frameworks",
				);
				MARKETING_VERSION = 1.0;
				PRODUCT_BUNDLE_IDENTIFIER = edu.auburn.onlinecsse.MOD1;
				PRODUCT_NAME = "$(TARGET_NAME)";
				SWIFT_EMIT_LOC_STRINGS = YES;
				SWIFT_VERSION = 5.0;
				TARGETED_DEVICE_FAMILY = "1,2";
			};
			name = Release;
		};
		ECD2441B2BFBAF70008695C9 /* Debug */ = {
			isa = XCBuildConfiguration;
			buildSettings = {
				ALWAYS_EMBED_SWIFT_STANDARD_LIBRARIES = YES;
				BUNDLE_LOADER = "$(TEST_HOST)";
				CODE_SIGN_STYLE = Automatic;
				CURRENT_PROJECT_VERSION = 1;
				GENERATE_INFOPLIST_FILE = YES;
				IPHONEOS_DEPLOYMENT_TARGET = 17.5;
				MARKETING_VERSION = 1.0;
				PRODUCT_BUNDLE_IDENTIFIER = edu.auburn.onlinecsse.MOD1Tests;
				PRODUCT_NAME = "$(TARGET_NAME)";
				SWIFT_EMIT_LOC_STRINGS = NO;
				SWIFT_VERSION = 5.0;
				TARGETED_DEVICE_FAMILY = "1,2";
				TEST_HOST = "$(BUILT_PRODUCTS_DIR)/MOD1.app/$(BUNDLE_EXECUTABLE_FOLDER_PATH)/MOD1";
			};
			name = Debug;
		};
		ECD2441C2BFBAF70008695C9 /* Release */ = {
			isa = XCBuildConfiguration;
			buildSettings = {
				ALWAYS_EMBED_SWIFT_STANDARD_LIBRARIES = YES;
				BUNDLE_LOADER = "$(TEST_HOST)";
				CODE_SIGN_STYLE = Automatic;
				CURRENT_PROJECT_VERSION = 1;
				GENERATE_INFOPLIST_FILE = YES;
				IPHONEOS_DEPLOYMENT_TARGET = 17.5;
				MARKETING_VERSION = 1.0;
				PRODUCT_BUNDLE_IDENTIFIER = edu.auburn.onlinecsse.MOD1Tests;
				PRODUCT_NAME = "$(TARGET_NAME)";
				SWIFT_EMIT_LOC_STRINGS = NO;
				SWIFT_VERSION = 5.0;
				TARGETED_DEVICE_FAMILY = "1,2";
				TEST_HOST = "$(BUILT_PRODUCTS_DIR)/MOD1.app/$(BUNDLE_EXECUTABLE_FOLDER_PATH)/MOD1";
			};
			name = Release;
		};
		ECD2441E2BFBAF70008695C9 /* Debug */ = {
			isa = XCBuildConfiguration;
			buildSettings = {
				ALWAYS_EMBED_SWIFT_STANDARD_LIBRARIES = YES;
				CODE_SIGN_STYLE = Automatic;
				CURRENT_PROJECT_VERSION = 1;
				GENERATE_INFOPLIST_FILE = YES;
				MARKETING_VERSION = 1.0;
				PRODUCT_BUNDLE_IDENTIFIER = edu.auburn.onlinecsse.MOD1UITests;
				PRODUCT_NAME = "$(TARGET_NAME)";
				SWIFT_EMIT_LOC_STRINGS = NO;
				SWIFT_VERSION = 5.0;
				TARGETED_DEVICE_FAMILY = "1,2";
				TEST_TARGET_NAME = MOD1;
			};
			name = Debug;
		};
		ECD2441F2BFBAF70008695C9 /* Release */ = {
			isa = XCBuildConfiguration;
			buildSettings = {
				ALWAYS_EMBED_SWIFT_STANDARD_LIBRARIES = YES;
				CODE_SIGN_STYLE = Automatic;
				CURRENT_PROJECT_VERSION = 1;
				GENERATE_INFOPLIST_FILE = YES;
				MARKETING_VERSION = 1.0;
				PRODUCT_BUNDLE_IDENTIFIER = edu.auburn.onlinecsse.MOD1UITests;
				PRODUCT_NAME = "$(TARGET_NAME)";
				SWIFT_EMIT_LOC_STRINGS = NO;
				SWIFT_VERSION = 5.0;
				TARGETED_DEVICE_FAMILY = "1,2";
				TEST_TARGET_NAME = MOD1;
			};
			name = Release;
		};
/* End XCBuildConfiguration section */

/* Begin XCConfigurationList section */
		ECD243E82BFBAF6F008695C9 /* Build configuration list for PBXProject "MOD1" */ = {
			isa = XCConfigurationList;
			buildConfigurations = (
				ECD244152BFBAF70008695C9 /* Debug */,
				ECD244162BFBAF70008695C9 /* Release */,
			);
			defaultConfigurationIsVisible = 0;
			defaultConfigurationName = Release;
		};
		ECD244172BFBAF70008695C9 /* Build configuration list for PBXNativeTarget "MOD1" */ = {
			isa = XCConfigurationList;
			buildConfigurations = (
				ECD244182BFBAF70008695C9 /* Debug */,
				ECD244192BFBAF70008695C9 /* Release */,
			);
			defaultConfigurationIsVisible = 0;
			defaultConfigurationName = Release;
		};
		ECD2441A2BFBAF70008695C9 /* Build configuration list for PBXNativeTarget "MOD1Tests" */ = {
			isa = XCConfigurationList;
			buildConfigurations = (
				ECD2441B2BFBAF70008695C9 /* Debug */,
				ECD2441C2BFBAF70008695C9 /* Release */,
			);
			defaultConfigurationIsVisible = 0;
			defaultConfigurationName = Release;
		};
		ECD2441D2BFBAF70008695C9 /* Build configuration list for PBXNativeTarget "MOD1UITests" */ = {
			isa = XCConfigurationList;
			buildConfigurations = (
				ECD2441E2BFBAF70008695C9 /* Debug */,
				ECD2441F2BFBAF70008695C9 /* Release */,
			);
			defaultConfigurationIsVisible = 0;
			defaultConfigurationName = Release;
		};
/* End XCConfigurationList section */
	};
	rootObject = ECD243E52BFBAF6F008695C9 /* Project object */;
}
